
Microsoft Visual Studio Solution File, Format Version 11.00
# Visual Studio 2010
Project("{FAE04EC0-301F-11D3-BF4B-00C04F79EFBC}") = "SimpleModifierTracker", "SimpleModifierTracker\SimpleModifierTracker.csproj", "{23DB2E8C-35AC-4E77-8F1C-7F31D51C57AC}"
EndProject
Global
	GlobalSection(SolutionConfigurationPlatforms) = preSolution
		Debug|x86 = Debug|x86
		Release|x86 = Release|x86
	EndGlobalSection
	GlobalSection(ProjectConfigurationPlatforms) = postSolution
		{23DB2E8C-35AC-4E77-8F1C-7F31D51C57AC}.Debug|x86.ActiveCfg = Debug|x86
		{23DB2E8C-35AC-4E77-8F1C-7F31D51C57AC}.Debug|x86.Build.0 = Debug|x86
		{23DB2E8C-35AC-4E77-8F1C-7F31D51C57AC}.Release|x86.ActiveCfg = Release|x86
		{23DB2E8C-35AC-4E77-8F1C-7F31D51C57AC}.Release|x86.Build.0 = Release|x86
	EndGlobalSection
	GlobalSection(SolutionProperties) = preSolution
		HideSolutionNode = FALSE
	EndGlobalSection
EndGlobal
